
Microsoft Visual Studio Solution File, Format Version 12.00
# Visual Studio 15
VisualStudioVersion = 15.0.28010.2041
MinimumVisualStudioVersion = 10.0.40219.1
Project("{FAE04EC0-301F-11D3-BF4B-00C04F79EFBC}") = "car Application", "car Application\car Application.csproj", "{F95614D1-55A2-41AC-8E6C-CF2BDC5FED4C}"
EndProject
Global
	GlobalSection(SolutionConfigurationPlatforms) = preSolution
		Debug|Any CPU = Debug|Any CPU
		Release|Any CPU = Release|Any CPU
	EndGlobalSection
	GlobalSection(ProjectConfigurationPlatforms) = postSolution
		{F95614D1-55A2-41AC-8E6C-CF2BDC5FED4C}.Debug|Any CPU.ActiveCfg = Debug|Any CPU
		{F95614D1-55A2-41AC-8E6C-CF2BDC5FED4C}.Debug|Any CPU.Build.0 = Debug|Any CPU
		{F95614D1-55A2-41AC-8E6C-CF2BDC5FED4C}.Release|Any CPU.ActiveCfg = Release|Any CPU
		{F95614D1-55A2-41AC-8E6C-CF2BDC5FED4C}.Release|Any CPU.Build.0 = Release|Any CPU
	EndGlobalSection
	GlobalSection(SolutionProperties) = preSolution
		HideSolutionNode = FALSE
	EndGlobalSection
	GlobalSection(ExtensibilityGlobals) = postSolution
		SolutionGuid = {039E88B8-4281-4153-AEAA-9236C02BD244}
	EndGlobalSection
EndGlobal
